{
  "name": "fixture-supply-chain-dirty",
  "version": "0.0.1",
  "lockfileVersion": 3,
  "requires": true,
  "packages": {
    "": {
      "name": "fixture-supply-chain-dirty",
      "version": "0.0.1",
      "dependencies": {
        "express": "^4.18.0",
        "lodash": "^4.17.20"
      }
    },
    "node_modules/express": {
      "version": "4.18.0",
      "resolved": "https://registry.npmjs.org/express/-/express-4.18.0.tgz",
      "integrity": "sha512-EXAMPLEHASH=="
    },
    "node_modules/lodash": {
      "version": "4.17.20",
      "resolved": "https://registry.npmjs.org/lodash/-/lodash-4.17.20.tgz",
      "integrity": "sha512-EXAMPLEHASH=="
    },
    "node_modules/some-fork": {
      "version": "1.0.0",
      "resolved": "git+https://github.com/totally/legit-fork.git#0123abc"
    },
    "node_modules/local-helper": {
      "version": "0.0.1",
      "resolved": "file:../local-helper"
    },
    "node_modules/needs-integrity": {
      "version": "2.0.0",
      "resolved": "https://registry.npmjs.org/needs-integrity/-/needs-integrity-2.0.0.tgz"
    },
    "node_modules/minimist": {
      "version": "1.2.5",
      "resolved": "https://registry.npmjs.org/minimist/-/minimist-1.2.5.tgz",
      "integrity": "sha512-EXAMPLEHASH=="
    },
    "node_modules/dup-pkg": {
      "version": "1.0.0",
      "resolved": "https://registry.npmjs.org/dup-pkg/-/dup-pkg-1.0.0.tgz",
      "integrity": "sha512-EXAMPLEHASH=="
    },
    "node_modules/express/node_modules/dup-pkg": {
      "version": "2.0.0",
      "resolved": "https://registry.npmjs.org/dup-pkg/-/dup-pkg-2.0.0.tgz",
      "integrity": "sha512-EXAMPLEHASH=="
    }
  }
}
